
Microsoft Visual Studio Solution File, Format Version 12.00
# Visual Studio 2013
VisualStudioVersion = 12.0.31101.0
MinimumVisualStudioVersion = 10.0.40219.1
Project("{F2A71F9B-5D33-465A-A702-920D77279786}") = "CryptoChallenge", "CryptoChallenge\CryptoChallenge.fsproj", "{D8EB479A-5055-4C7A-BA53-BB94B3B5100F}"
EndProject
Global
	GlobalSection(SolutionConfigurationPlatforms) = preSolution
		Debug|x86 = Debug|x86
		Release|x86 = Release|x86
	EndGlobalSection
	GlobalSection(ProjectConfigurationPlatforms) = postSolution
		{D8EB479A-5055-4C7A-BA53-BB94B3B5100F}.Debug|x86.ActiveCfg = Debug|Any CPU
		{D8EB479A-5055-4C7A-BA53-BB94B3B5100F}.Debug|x86.Build.0 = Debug|Any CPU
		{D8EB479A-5055-4C7A-BA53-BB94B3B5100F}.Release|x86.ActiveCfg = Release|Any CPU
	EndGlobalSection
	GlobalSection(SolutionProperties) = preSolution
		HideSolutionNode = FALSE
	EndGlobalSection
EndGlobal
